PODS:
  - KeyboardMan (1.2.3)
  - SnapKit (4.0.1)
  - SwiftPopup (0.1.3):
    - SnapKit
  - YQAlertController (0.1.1):
    - KeyboardMan
    - SnapKit (~> 4.0.0)
    - SwiftPopup

DEPENDENCIES:
  - KeyboardMan
  - SnapKit (~> 4.0.0)
  - SwiftPopup
  - YQAlertController (from `../`)

SPEC REPOS:
  https://github.com/CocoaPods/Specs.git:
    - KeyboardMan
    - SnapKit
    - SwiftPopup

EXTERNAL SOURCES:
  YQAlertController:
    :path: "../"

SPEC CHECKSUMS:
  KeyboardMan: b51e3209d41ff56f65459c9cf734a5f8c5443783
  SnapKit: 0de968a9fec17499afa29683b05d0c775b6d1c29
  SwiftPopup: 4653df10cee2cc73423ce58235747abaef737b04
  YQAlertController: 91a5296ae1ee88dd8437043f4c09ceb1c4b81248

PODFILE CHECKSUM: 4d2fe8dc51c15597d6088ab7444e398370812ca9

COCOAPODS: 1.9.3
