PODS:
  - KeyboardMan (1.2.3)
  - LookinServer (1.0.0)
  - SnapKit (5.0.1)
  - SwiftPopup (5.0.0):
    - SnapKit (~> 5.0.0)
  - YQAlertController (0.2.6):
    - KeyboardMan
    - SnapKit
    - SwiftPopup
    - YQLineView
  - YQLineView (0.1.4)

DEPENDENCIES:
  - KeyboardMan
  - LookinServer
  - SnapKit
  - SwiftPopup
  - YQAlertController (from `../`)

SPEC REPOS:
  https://gitee.com/padding/YQPods.git:
    - YQLineView
  https://github.com/CocoaPods/Specs.git:
    - KeyboardMan
    - LookinServer
    - SnapKit
    - SwiftPopup

EXTERNAL SOURCES:
  YQAlertController:
    :path: "../"

SPEC CHECKSUMS:
  KeyboardMan: b51e3209d41ff56f65459c9cf734a5f8c5443783
  LookinServer: 0002891cd3cec5e082a910e897dfe71b4f06b89e
  SnapKit: 97b92857e3df3a0c71833cce143274bf6ef8e5eb
  SwiftPopup: 31874508c0d91788edf71419a5bbeb3ebd498ab9
  YQAlertController: aac5f8e8e137d831ae6c8e89ace9b93769878863
  YQLineView: 5cb9283152a1cbe9842d490b5acde773695b63db

PODFILE CHECKSUM: f3937528578df5f2edab2f3b51b54b473794188c

COCOAPODS: 1.11.3
